{
  "name": "LinkedIn_Reverse_Search",
  "lockfileVersion": 3,
  "requires": true,
  "packages": {
    "": {
      "dependencies": {
        "universal-cookie": "^7.2.1"
      }
    },
    "node_modules/@types/cookie": {
      "version": "0.6.0",
      "resolved": "https://registry.npmjs.org/@types/cookie/-/cookie-0.6.0.tgz",
      "integrity": "sha512-4Kh9a6B2bQciAhf7FSuMRRkUWecJgJu9nPnx3yzpsfXX/c50REIqpHY4C82bXP90qrLtXtkDxTZosYO3UpOwlA==",
      "license": "MIT"
    },
    "node_modules/cookie": {
      "version": "0.7.2",
      "resolved": "https://registry.npmjs.org/cookie/-/cookie-0.7.2.tgz",
      "integrity": "sha512-yki5XnKuf750l50uGTllt6kKILY4nQ1eNIQatoXEByZ5dWgnKqbnqmTrBE5B4N7lrMJKQ2ytWMiTO2o0v6Ew/w==",
      "license": "MIT",
      "engines": {
        "node": ">= 0.6"
      }
    },
    "node_modules/universal-cookie": {
      "version": "7.2.1",
      "resolved": "https://registry.npmjs.org/universal-cookie/-/universal-cookie-7.2.1.tgz",
      "integrity": "sha512-GEKneQ0sz8qbobkYM5s9elAx6l7GQDNVl3Siqmc7bt/YccyyXWDPn+fht3J1qMcaLwPrzkty3i+dNfPGP2/9hA==",
      "license": "MIT",
      "dependencies": {
        "@types/cookie": "^0.6.0",
        "cookie": "^0.7.2"
      }
    }
  }
}
